
Microsoft Visual Studio Solution File, Format Version 12.00
# Visual Studio Version 17
VisualStudioVersion = 17.9.34728.123
MinimumVisualStudioVersion = 10.0.40219.1
Project("{9A19103F-16F7-4668-BE54-9A1E7A4F7556}") = "TodoGrpcService", "TodoGrpcService.csproj", "{1B11D4E2-3F1E-4177-93FB-60D1306FD174}"
EndProject
Global
	GlobalSection(SolutionConfigurationPlatforms) = preSolution
		Debug|Any CPU = Debug|Any CPU
		Release|Any CPU = Release|Any CPU
	EndGlobalSection
	GlobalSection(ProjectConfigurationPlatforms) = postSolution
		{1B11D4E2-3F1E-4177-93FB-60D1306FD174}.Debug|Any CPU.ActiveCfg = Debug|Any CPU
		{1B11D4E2-3F1E-4177-93FB-60D1306FD174}.Debug|Any CPU.Build.0 = Debug|Any CPU
		{1B11D4E2-3F1E-4177-93FB-60D1306FD174}.Release|Any CPU.ActiveCfg = Release|Any CPU
		{1B11D4E2-3F1E-4177-93FB-60D1306FD174}.Release|Any CPU.Build.0 = Release|Any CPU
	EndGlobalSection
	GlobalSection(SolutionProperties) = preSolution
		HideSolutionNode = FALSE
	EndGlobalSection
	GlobalSection(ExtensibilityGlobals) = postSolution
		SolutionGuid = {7AA845A5-C5CF-4C92-90D3-25D07A55B956}
	EndGlobalSection
EndGlobal
